
Microsoft Visual Studio Solution File, Format Version 12.00
# Visual Studio Version 17
VisualStudioVersion = 17.3.32901.215
MinimumVisualStudioVersion = 10.0.40219.1
Project("{2150E333-8FDC-42A3-9474-1A3956D46DE8}") = "Task1", "Task1", "{7485332A-8884-4AC8-9268-EB0CCA3C2007}"
EndProject
Project("{2150E333-8FDC-42A3-9474-1A3956D46DE8}") = "Task2", "Task2", "{A3BFCF97-2F33-41AE-B728-1AEFE06A9CE4}"
EndProject
Project("{2150E333-8FDC-42A3-9474-1A3956D46DE8}") = "Task3", "Task3", "{4D187F21-A9EE-4269-82DA-457EC73F83CD}"
EndProject
Project("{9A19103F-16F7-4668-BE54-9A1E7A4F7556}") = "ProjectConsole", "Task1\ProjectConsole\ProjectConsole.csproj", "{AE299E6F-0CFC-4D16-8278-F1DFC8649504}"
EndProject
Project("{FAE04EC0-301F-11D3-BF4B-00C04F79EFBC}") = "ProjectWPF", "Task1\ProjectWPF\ProjectWPF.csproj", "{AE2619CB-3C34-4730-926E-1A036BFA009B}"
EndProject
Project("{9A19103F-16F7-4668-BE54-9A1E7A4F7556}") = "ProjectMauiApp", "Task3\ProjectMauiApp\ProjectMauiApp.csproj", "{A9C84330-9153-4185-89E9-A74494ECCD02}"
EndProject
Project("{FAE04EC0-301F-11D3-BF4B-00C04F79EFBC}") = "ProjectConcat", "Task2\ProjectConcat\ProjectConcat.csproj", "{549F4A5E-5D3B-4C8C-BE77-3B3A5D729000}"
EndProject
Global
	GlobalSection(SolutionConfigurationPlatforms) = preSolution
		Debug|Any CPU = Debug|Any CPU
		Release|Any CPU = Release|Any CPU
	EndGlobalSection
	GlobalSection(ProjectConfigurationPlatforms) = postSolution
		{AE299E6F-0CFC-4D16-8278-F1DFC8649504}.Debug|Any CPU.ActiveCfg = Debug|Any CPU
		{AE299E6F-0CFC-4D16-8278-F1DFC8649504}.Debug|Any CPU.Build.0 = Debug|Any CPU
		{AE299E6F-0CFC-4D16-8278-F1DFC8649504}.Release|Any CPU.ActiveCfg = Release|Any CPU
		{AE299E6F-0CFC-4D16-8278-F1DFC8649504}.Release|Any CPU.Build.0 = Release|Any CPU
		{AE2619CB-3C34-4730-926E-1A036BFA009B}.Debug|Any CPU.ActiveCfg = Debug|Any CPU
		{AE2619CB-3C34-4730-926E-1A036BFA009B}.Debug|Any CPU.Build.0 = Debug|Any CPU
		{AE2619CB-3C34-4730-926E-1A036BFA009B}.Release|Any CPU.ActiveCfg = Release|Any CPU
		{AE2619CB-3C34-4730-926E-1A036BFA009B}.Release|Any CPU.Build.0 = Release|Any CPU
		{A9C84330-9153-4185-89E9-A74494ECCD02}.Debug|Any CPU.ActiveCfg = Debug|Any CPU
		{A9C84330-9153-4185-89E9-A74494ECCD02}.Debug|Any CPU.Build.0 = Debug|Any CPU
		{A9C84330-9153-4185-89E9-A74494ECCD02}.Debug|Any CPU.Deploy.0 = Debug|Any CPU
		{A9C84330-9153-4185-89E9-A74494ECCD02}.Release|Any CPU.ActiveCfg = Release|Any CPU
		{A9C84330-9153-4185-89E9-A74494ECCD02}.Release|Any CPU.Build.0 = Release|Any CPU
		{A9C84330-9153-4185-89E9-A74494ECCD02}.Release|Any CPU.Deploy.0 = Release|Any CPU
		{549F4A5E-5D3B-4C8C-BE77-3B3A5D729000}.Debug|Any CPU.ActiveCfg = Debug|Any CPU
		{549F4A5E-5D3B-4C8C-BE77-3B3A5D729000}.Debug|Any CPU.Build.0 = Debug|Any CPU
		{549F4A5E-5D3B-4C8C-BE77-3B3A5D729000}.Release|Any CPU.ActiveCfg = Release|Any CPU
		{549F4A5E-5D3B-4C8C-BE77-3B3A5D729000}.Release|Any CPU.Build.0 = Release|Any CPU
	EndGlobalSection
	GlobalSection(SolutionProperties) = preSolution
		HideSolutionNode = FALSE
	EndGlobalSection
	GlobalSection(NestedProjects) = preSolution
		{AE299E6F-0CFC-4D16-8278-F1DFC8649504} = {7485332A-8884-4AC8-9268-EB0CCA3C2007}
		{AE2619CB-3C34-4730-926E-1A036BFA009B} = {7485332A-8884-4AC8-9268-EB0CCA3C2007}
		{A9C84330-9153-4185-89E9-A74494ECCD02} = {4D187F21-A9EE-4269-82DA-457EC73F83CD}
		{549F4A5E-5D3B-4C8C-BE77-3B3A5D729000} = {A3BFCF97-2F33-41AE-B728-1AEFE06A9CE4}
	EndGlobalSection
	GlobalSection(ExtensibilityGlobals) = postSolution
		SolutionGuid = {588B6DF7-4E6F-40DC-8D2C-868145CCECA2}
	EndGlobalSection
EndGlobal
